
Microsoft Visual Studio Solution File, Format Version 12.00
# Visual Studio 15
VisualStudioVersion = 15.0.28307.106
MinimumVisualStudioVersion = 10.0.40219.1
Project("{FAE04EC0-301F-11D3-BF4B-00C04F79EFBC}") = "dotNet5780_00_4084", "dotNet5780_00_4084\dotNet5780_00_4084.csproj", "{AC181555-D249-45E3-B861-CC391666042D}"
EndProject
Global
	GlobalSection(SolutionConfigurationPlatforms) = preSolution
		Debug|Any CPU = Debug|Any CPU
		Release|Any CPU = Release|Any CPU
	EndGlobalSection
	GlobalSection(ProjectConfigurationPlatforms) = postSolution
		{AC181555-D249-45E3-B861-CC391666042D}.Debug|Any CPU.ActiveCfg = Debug|Any CPU
		{AC181555-D249-45E3-B861-CC391666042D}.Debug|Any CPU.Build.0 = Debug|Any CPU
		{AC181555-D249-45E3-B861-CC391666042D}.Release|Any CPU.ActiveCfg = Release|Any CPU
		{AC181555-D249-45E3-B861-CC391666042D}.Release|Any CPU.Build.0 = Release|Any CPU
	EndGlobalSection
	GlobalSection(SolutionProperties) = preSolution
		HideSolutionNode = FALSE
	EndGlobalSection
	GlobalSection(ExtensibilityGlobals) = postSolution
		SolutionGuid = {4944F74D-90A0-474C-BC3D-55D71EEEF978}
	EndGlobalSection
EndGlobal
