
Microsoft Visual Studio Solution File, Format Version 12.00
# Visual Studio 15
VisualStudioVersion = 15.0.28307.106
MinimumVisualStudioVersion = 10.0.40219.1
Project("{8BC9CEB8-8B4A-11D0-8D11-00A0C91BC942}") = "q1", "cpp5779_10_4084\cpp5779_10_4084.vcxproj", "{C25C1C0A-B861-4709-9C8E-43B7A92D7190}"
EndProject
Project("{8BC9CEB8-8B4A-11D0-8D11-00A0C91BC942}") = "q2", "q2\q2.vcxproj", "{B16AC3CE-D18C-4658-9CF7-C4BC6143AA27}"
EndProject
Global
	GlobalSection(SolutionConfigurationPlatforms) = preSolution
		Debug|x64 = Debug|x64
		Debug|x86 = Debug|x86
		Release|x64 = Release|x64
		Release|x86 = Release|x86
	EndGlobalSection
	GlobalSection(ProjectConfigurationPlatforms) = postSolution
		{C25C1C0A-B861-4709-9C8E-43B7A92D7190}.Debug|x64.ActiveCfg = Debug|x64
		{C25C1C0A-B861-4709-9C8E-43B7A92D7190}.Debug|x64.Build.0 = Debug|x64
		{C25C1C0A-B861-4709-9C8E-43B7A92D7190}.Debug|x86.ActiveCfg = Debug|Win32
		{C25C1C0A-B861-4709-9C8E-43B7A92D7190}.Debug|x86.Build.0 = Debug|Win32
		{C25C1C0A-B861-4709-9C8E-43B7A92D7190}.Release|x64.ActiveCfg = Release|x64
		{C25C1C0A-B861-4709-9C8E-43B7A92D7190}.Release|x64.Build.0 = Release|x64
		{C25C1C0A-B861-4709-9C8E-43B7A92D7190}.Release|x86.ActiveCfg = Release|Win32
		{C25C1C0A-B861-4709-9C8E-43B7A92D7190}.Release|x86.Build.0 = Release|Win32
		{B16AC3CE-D18C-4658-9CF7-C4BC6143AA27}.Debug|x64.ActiveCfg = Debug|x64
		{B16AC3CE-D18C-4658-9CF7-C4BC6143AA27}.Debug|x64.Build.0 = Debug|x64
		{B16AC3CE-D18C-4658-9CF7-C4BC6143AA27}.Debug|x86.ActiveCfg = Debug|Win32
		{B16AC3CE-D18C-4658-9CF7-C4BC6143AA27}.Debug|x86.Build.0 = Debug|Win32
		{B16AC3CE-D18C-4658-9CF7-C4BC6143AA27}.Release|x64.ActiveCfg = Release|x64
		{B16AC3CE-D18C-4658-9CF7-C4BC6143AA27}.Release|x64.Build.0 = Release|x64
		{B16AC3CE-D18C-4658-9CF7-C4BC6143AA27}.Release|x86.ActiveCfg = Release|Win32
		{B16AC3CE-D18C-4658-9CF7-C4BC6143AA27}.Release|x86.Build.0 = Release|Win32
	EndGlobalSection
	GlobalSection(SolutionProperties) = preSolution
		HideSolutionNode = FALSE
	EndGlobalSection
	GlobalSection(ExtensibilityGlobals) = postSolution
		SolutionGuid = {40CAB3A6-2A32-4E04-914F-3CDCD0DD8F73}
	EndGlobalSection
EndGlobal
