
Microsoft Visual Studio Solution File, Format Version 12.00
# Visual Studio 15
VisualStudioVersion = 15.0.28307.106
MinimumVisualStudioVersion = 10.0.40219.1
Project("{8BC9CEB8-8B4A-11D0-8D11-00A0C91BC942}") = "4InRow", "4InRow\4InRow.vcxproj", "{FAE6C104-7888-44D5-BE44-92AB059A90BB}"
EndProject
Global
	GlobalSection(SolutionConfigurationPlatforms) = preSolution
		Debug|x64 = Debug|x64
		Debug|x86 = Debug|x86
		Release|x64 = Release|x64
		Release|x86 = Release|x86
	EndGlobalSection
	GlobalSection(ProjectConfigurationPlatforms) = postSolution
		{FAE6C104-7888-44D5-BE44-92AB059A90BB}.Debug|x64.ActiveCfg = Debug|x64
		{FAE6C104-7888-44D5-BE44-92AB059A90BB}.Debug|x64.Build.0 = Debug|x64
		{FAE6C104-7888-44D5-BE44-92AB059A90BB}.Debug|x86.ActiveCfg = Debug|Win32
		{FAE6C104-7888-44D5-BE44-92AB059A90BB}.Debug|x86.Build.0 = Debug|Win32
		{FAE6C104-7888-44D5-BE44-92AB059A90BB}.Release|x64.ActiveCfg = Release|x64
		{FAE6C104-7888-44D5-BE44-92AB059A90BB}.Release|x64.Build.0 = Release|x64
		{FAE6C104-7888-44D5-BE44-92AB059A90BB}.Release|x86.ActiveCfg = Release|Win32
		{FAE6C104-7888-44D5-BE44-92AB059A90BB}.Release|x86.Build.0 = Release|Win32
	EndGlobalSection
	GlobalSection(SolutionProperties) = preSolution
		HideSolutionNode = FALSE
	EndGlobalSection
	GlobalSection(ExtensibilityGlobals) = postSolution
		SolutionGuid = {6E081BC2-BCB6-49CC-B2B5-2A31B4B60D2D}
	EndGlobalSection
EndGlobal
